
Microsoft Visual Studio Solution File, Format Version 12.00
# Visual Studio Version 17
VisualStudioVersion = 17.5.002.0
MinimumVisualStudioVersion = 10.0.40219.1
Project("{9A19103F-16F7-4668-BE54-9A1E7A4F7556}") = "elsa-workflow-example", "elsa-workflow-example.csproj", "{33FEA019-E429-43F4-A8DF-FD4C77690C90}"
EndProject
Global
	GlobalSection(SolutionConfigurationPlatforms) = preSolution
		Debug|Any CPU = Debug|Any CPU
		Release|Any CPU = Release|Any CPU
	EndGlobalSection
	GlobalSection(ProjectConfigurationPlatforms) = postSolution
		{33FEA019-E429-43F4-A8DF-FD4C77690C90}.Debug|Any CPU.ActiveCfg = Debug|Any CPU
		{33FEA019-E429-43F4-A8DF-FD4C77690C90}.Debug|Any CPU.Build.0 = Debug|Any CPU
		{33FEA019-E429-43F4-A8DF-FD4C77690C90}.Release|Any CPU.ActiveCfg = Release|Any CPU
		{33FEA019-E429-43F4-A8DF-FD4C77690C90}.Release|Any CPU.Build.0 = Release|Any CPU
	EndGlobalSection
	GlobalSection(SolutionProperties) = preSolution
		HideSolutionNode = FALSE
	EndGlobalSection
	GlobalSection(ExtensibilityGlobals) = postSolution
		SolutionGuid = {39F51BA1-0D94-4A1B-AFE0-6CF451E89899}
	EndGlobalSection
EndGlobal
